
Microsoft Visual Studio Solution File, Format Version 12.00
# Visual Studio Version 17
VisualStudioVersion = 17.3.32929.385
MinimumVisualStudioVersion = 10.0.40219.1
Project("{FAE04EC0-301F-11D3-BF4B-00C04F79EFBC}") = "WinForms-AAC-LogicCalculator", "WinForms-AAC-LogicCalculator.csproj", "{F42C7181-7B4A-424D-8998-2A1176EE503D}"
EndProject
Global
	GlobalSection(SolutionConfigurationPlatforms) = preSolution
		Debug|Any CPU = Debug|Any CPU
		Release|Any CPU = Release|Any CPU
	EndGlobalSection
	GlobalSection(ProjectConfigurationPlatforms) = postSolution
		{F42C7181-7B4A-424D-8998-2A1176EE503D}.Debug|Any CPU.ActiveCfg = Debug|Any CPU
		{F42C7181-7B4A-424D-8998-2A1176EE503D}.Debug|Any CPU.Build.0 = Debug|Any CPU
		{F42C7181-7B4A-424D-8998-2A1176EE503D}.Release|Any CPU.ActiveCfg = Release|Any CPU
		{F42C7181-7B4A-424D-8998-2A1176EE503D}.Release|Any CPU.Build.0 = Release|Any CPU
	EndGlobalSection
	GlobalSection(SolutionProperties) = preSolution
		HideSolutionNode = FALSE
	EndGlobalSection
	GlobalSection(ExtensibilityGlobals) = postSolution
		SolutionGuid = {EAC6AEBD-CFEF-406D-8D2B-4C23CA76B117}
	EndGlobalSection
EndGlobal
